
Microsoft Visual Studio Solution File, Format Version 12.00
# Visual Studio Version 17
VisualStudioVersion = 17.8.34309.116
MinimumVisualStudioVersion = 10.0.40219.1
Project("{8BC9CEB8-8B4A-11D0-8D11-00A0C91BC942}") = "TicTacToe", "TicTacToe\TicTacToe.vcxproj", "{83D89F09-F58F-4102-B13E-08E088E17391}"
EndProject
Global
	GlobalSection(SolutionConfigurationPlatforms) = preSolution
		Debug|x64 = Debug|x64
		Debug|x86 = Debug|x86
		Release|x64 = Release|x64
		Release|x86 = Release|x86
	EndGlobalSection
	GlobalSection(ProjectConfigurationPlatforms) = postSolution
		{83D89F09-F58F-4102-B13E-08E088E17391}.Debug|x64.ActiveCfg = Debug|x64
		{83D89F09-F58F-4102-B13E-08E088E17391}.Debug|x64.Build.0 = Debug|x64
		{83D89F09-F58F-4102-B13E-08E088E17391}.Debug|x86.ActiveCfg = Debug|Win32
		{83D89F09-F58F-4102-B13E-08E088E17391}.Debug|x86.Build.0 = Debug|Win32
		{83D89F09-F58F-4102-B13E-08E088E17391}.Release|x64.ActiveCfg = Release|x64
		{83D89F09-F58F-4102-B13E-08E088E17391}.Release|x64.Build.0 = Release|x64
		{83D89F09-F58F-4102-B13E-08E088E17391}.Release|x86.ActiveCfg = Release|Win32
		{83D89F09-F58F-4102-B13E-08E088E17391}.Release|x86.Build.0 = Release|Win32
	EndGlobalSection
	GlobalSection(SolutionProperties) = preSolution
		HideSolutionNode = FALSE
	EndGlobalSection
	GlobalSection(ExtensibilityGlobals) = postSolution
		SolutionGuid = {4BFE4004-EF5D-4F3B-A5EC-01DCC0723EA1}
	EndGlobalSection
EndGlobal
